
Microsoft Visual Studio Solution File, Format Version 12.00
# Visual Studio Version 16
VisualStudioVersion = 16.0.31321.278
MinimumVisualStudioVersion = 10.0.40219.1
Project("{8BC9CEB8-8B4A-11D0-8D11-00A0C91BC942}") = "CPP_Note", "CPP_Note\CPP_Note.vcxproj", "{3C74F53F-EC73-4977-AD9E-7D165EC7ADCB}"
EndProject
Global
	GlobalSection(SolutionConfigurationPlatforms) = preSolution
		Debug|x64 = Debug|x64
		Debug|x86 = Debug|x86
		Release|x64 = Release|x64
		Release|x86 = Release|x86
	EndGlobalSection
	GlobalSection(ProjectConfigurationPlatforms) = postSolution
		{3C74F53F-EC73-4977-AD9E-7D165EC7ADCB}.Debug|x64.ActiveCfg = Debug|x64
		{3C74F53F-EC73-4977-AD9E-7D165EC7ADCB}.Debug|x64.Build.0 = Debug|x64
		{3C74F53F-EC73-4977-AD9E-7D165EC7ADCB}.Debug|x86.ActiveCfg = Debug|Win32
		{3C74F53F-EC73-4977-AD9E-7D165EC7ADCB}.Debug|x86.Build.0 = Debug|Win32
		{3C74F53F-EC73-4977-AD9E-7D165EC7ADCB}.Release|x64.ActiveCfg = Release|x64
		{3C74F53F-EC73-4977-AD9E-7D165EC7ADCB}.Release|x64.Build.0 = Release|x64
		{3C74F53F-EC73-4977-AD9E-7D165EC7ADCB}.Release|x86.ActiveCfg = Release|Win32
		{3C74F53F-EC73-4977-AD9E-7D165EC7ADCB}.Release|x86.Build.0 = Release|Win32
	EndGlobalSection
	GlobalSection(SolutionProperties) = preSolution
		HideSolutionNode = FALSE
	EndGlobalSection
	GlobalSection(ExtensibilityGlobals) = postSolution
		SolutionGuid = {1DE57B64-1BD9-4386-8B36-A5BA83DAA7E3}
	EndGlobalSection
EndGlobal
